
Microsoft Visual Studio Solution File, Format Version 12.00
# Visual Studio Version 17
VisualStudioVersion = 17.4.33213.308
MinimumVisualStudioVersion = 10.0.40219.1
Project("{FAE04EC0-301F-11D3-BF4B-00C04F79EFBC}") = "PikaReed", "PikaReed\PikaReed.csproj", "{B208D031-64F4-45A2-907F-1CA6369EE73C}"
EndProject
Global
	GlobalSection(SolutionConfigurationPlatforms) = preSolution
		Debug|Any CPU = Debug|Any CPU
		Release|Any CPU = Release|Any CPU
	EndGlobalSection
	GlobalSection(ProjectConfigurationPlatforms) = postSolution
		{B208D031-64F4-45A2-907F-1CA6369EE73C}.Debug|Any CPU.ActiveCfg = Debug|Any CPU
		{B208D031-64F4-45A2-907F-1CA6369EE73C}.Debug|Any CPU.Build.0 = Debug|Any CPU
		{B208D031-64F4-45A2-907F-1CA6369EE73C}.Release|Any CPU.ActiveCfg = Release|Any CPU
		{B208D031-64F4-45A2-907F-1CA6369EE73C}.Release|Any CPU.Build.0 = Release|Any CPU
	EndGlobalSection
	GlobalSection(SolutionProperties) = preSolution
		HideSolutionNode = FALSE
	EndGlobalSection
	GlobalSection(ExtensibilityGlobals) = postSolution
		SolutionGuid = {581FBE9A-4988-412F-BD85-CF93D266D988}
	EndGlobalSection
EndGlobal
